
Microsoft Visual Studio Solution File, Format Version 12.00
# Visual Studio Version 16
VisualStudioVersion = 16.0.34031.81
MinimumVisualStudioVersion = 10.0.40219.1
Project("{8BC9CEB8-8B4A-11D0-8D11-00A0C91BC942}") = "6.15", "6.15\6.15.vcxproj", "{EA01AF09-BE70-4CA2-8089-0778A9EA2DEF}"
EndProject
Global
	GlobalSection(SolutionConfigurationPlatforms) = preSolution
		Debug|x64 = Debug|x64
		Debug|x86 = Debug|x86
		Release|x64 = Release|x64
		Release|x86 = Release|x86
	EndGlobalSection
	GlobalSection(ProjectConfigurationPlatforms) = postSolution
		{EA01AF09-BE70-4CA2-8089-0778A9EA2DEF}.Debug|x64.ActiveCfg = Debug|x64
		{EA01AF09-BE70-4CA2-8089-0778A9EA2DEF}.Debug|x64.Build.0 = Debug|x64
		{EA01AF09-BE70-4CA2-8089-0778A9EA2DEF}.Debug|x86.ActiveCfg = Debug|Win32
		{EA01AF09-BE70-4CA2-8089-0778A9EA2DEF}.Debug|x86.Build.0 = Debug|Win32
		{EA01AF09-BE70-4CA2-8089-0778A9EA2DEF}.Release|x64.ActiveCfg = Release|x64
		{EA01AF09-BE70-4CA2-8089-0778A9EA2DEF}.Release|x64.Build.0 = Release|x64
		{EA01AF09-BE70-4CA2-8089-0778A9EA2DEF}.Release|x86.ActiveCfg = Release|Win32
		{EA01AF09-BE70-4CA2-8089-0778A9EA2DEF}.Release|x86.Build.0 = Release|Win32
	EndGlobalSection
	GlobalSection(SolutionProperties) = preSolution
		HideSolutionNode = FALSE
	EndGlobalSection
	GlobalSection(ExtensibilityGlobals) = postSolution
		SolutionGuid = {759E004F-653B-4404-A83D-D339815904BF}
	EndGlobalSection
EndGlobal
